// !$*UTF8*$!
{
	archiveVersion = 1;
	classes = {
	};
	objectVersion = 48;
	objects = {

/* Begin PBXBuildFile section */
		27AEFABF2109926D003F1847 /* AppDelegate.swift in Sources */ = {isa = PBXBuildFile; fileRef = 27AEFABE2109926D003F1847 /* AppDelegate.swift */; };
		27AEFAC12109926D003F1847 /* ViewController.swift in Sources */ = {isa = PBXBuildFile; fileRef = 27AEFAC02109926D003F1847 /* ViewController.swift */; };
		27AEFAC42109926D003F1847 /* Main.storyboard in Resources */ = {isa = PBXBuildFile; fileRef = 27AEFAC22109926D003F1847 /* Main.storyboard */; };
		27AEFAC72109926D003F1847 /* Blitz3Shopping.xcdatamodeld in Sources */ = {isa = PBXBuildFile; fileRef = 27AEFAC52109926D003F1847 /* Blitz3Shopping.xcdatamodeld */; };
		27AEFAC92109926D003F1847 /* Assets.xcassets in Resources */ = {isa = PBXBuildFile; fileRef = 27AEFAC82109926D003F1847 /* Assets.xcassets */; };
		27AEFACC2109926D003F1847 /* LaunchScreen.storyboard in Resources */ = {isa = PBXBuildFile; fileRef = 27AEFACA2109926D003F1847 /* LaunchScreen.storyboard */; };
		27AEFB0221099E1B003F1847 /* LandScapeViewController.swift in Sources */ = {isa = PBXBuildFile; fileRef = 27AEFAFF21099E1A003F1847 /* LandScapeViewController.swift */; };
		27AEFB0321099E1B003F1847 /* WebViewController.swift in Sources */ = {isa = PBXBuildFile; fileRef = 27AEFB0021099E1A003F1847 /* WebViewController.swift */; };
		27AEFB0421099E1B003F1847 /* ListCustomTableViewCell.swift in Sources */ = {isa = PBXBuildFile; fileRef = 27AEFB0121099E1A003F1847 /* ListCustomTableViewCell.swift */; };
		27AEFB0621099E23003F1847 /* ListObject.swift in Sources */ = {isa = PBXBuildFile; fileRef = 27AEFB0521099E23003F1847 /* ListObject.swift */; };
		27AEFB1621099E40003F1847 /* tw11.png in Resources */ = {isa = PBXBuildFile; fileRef = 27AEFB0821099E3E003F1847 /* tw11.png */; };
		27AEFB1721099E40003F1847 /* quora.png in Resources */ = {isa = PBXBuildFile; fileRef = 27AEFB0921099E3F003F1847 /* quora.png */; };
		27AEFB1821099E40003F1847 /* menu.png in Resources */ = {isa = PBXBuildFile; fileRef = 27AEFB0A21099E3F003F1847 /* menu.png */; };
		27AEFB1921099E40003F1847 /* checkpref.png in Resources */ = {isa = PBXBuildFile; fileRef = 27AEFB0B21099E3F003F1847 /* checkpref.png */; };
		27AEFB1A21099E40003F1847 /* uncheckpref.png in Resources */ = {isa = PBXBuildFile; fileRef = 27AEFB0C21099E3F003F1847 /* uncheckpref.png */; };
		27AEFB1B21099E40003F1847 /* blitzViewClose.png in Resources */ = {isa = PBXBuildFile; fileRef = 27AEFB0D21099E3F003F1847 /* blitzViewClose.png */; };
		27AEFB1C21099E40003F1847 /* inst11.png in Resources */ = {isa = PBXBuildFile; fileRef = 27AEFB0E21099E3F003F1847 /* inst11.png */; };
		27AEFB1D21099E40003F1847 /* linkin.png in Resources */ = {isa = PBXBuildFile; fileRef = 27AEFB0F21099E3F003F1847 /* linkin.png */; };
		27AEFB1E21099E40003F1847 /* default.png in Resources */ = {isa = PBXBuildFile; fileRef = 27AEFB1021099E3F003F1847 /* default.png */; };
		27AEFB1F21099E40003F1847 /* go.png in Resources */ = {isa = PBXBuildFile; fileRef = 27AEFB1121099E3F003F1847 /* go.png */; };
		27AEFB2021099E40003F1847 /* expand.png in Resources */ = {isa = PBXBuildFile; fileRef = 27AEFB1221099E3F003F1847 /* expand.png */; };
		27AEFB2121099E40003F1847 /* backarrow.png in Resources */ = {isa = PBXBuildFile; fileRef = 27AEFB1321099E40003F1847 /* backarrow.png */; };
		27AEFB2221099E40003F1847 /* google+.png in Resources */ = {isa = PBXBuildFile; fileRef = 27AEFB1421099E40003F1847 /* google+.png */; };
		27AEFB2321099E40003F1847 /* fb11.png in Resources */ = {isa = PBXBuildFile; fileRef = 27AEFB1521099E40003F1847 /* fb11.png */; };
		27AEFB3D2109BD50003F1847 /* Default-375w-667h@2x~iphone.png in Resources */ = {isa = PBXBuildFile; fileRef = 27AEFB382109BD4F003F1847 /* Default-375w-667h@2x~iphone.png */; };
		27AEFB3E2109BD50003F1847 /* Default-568h@2x~iphone.png in Resources */ = {isa = PBXBuildFile; fileRef = 27AEFB392109BD4F003F1847 /* Default-568h@2x~iphone.png */; };
		27AEFB3F2109BD50003F1847 /* 1.png in Resources */ = {isa = PBXBuildFile; fileRef = 27AEFB3A2109BD4F003F1847 /* 1.png */; };
		27AEFB402109BD50003F1847 /* Default.png in Resources */ = {isa = PBXBuildFile; fileRef = 27AEFB3B2109BD50003F1847 /* Default.png */; };
		27AEFB412109BD50003F1847 /* Default-414w-736h@3x~iphone.png in Resources */ = {isa = PBXBuildFile; fileRef = 27AEFB3C2109BD50003F1847 /* Default-414w-736h@3x~iphone.png */; };
		ED662E0C32AA82A8B1860E85 /* Pods_Blitz3Shopping.framework in Frameworks */ = {isa = PBXBuildFile; fileRef = 903F7AE13B6F0E244F7061C5 /* Pods_Blitz3Shopping.framework */; };
/* End PBXBuildFile section */

/* Begin PBXFileReference section */
		27AEFABB2109926D003F1847 /* Blitz3Shopping.app */ = {isa = PBXFileReference; explicitFileType = wrapper.application; includeInIndex = 0; path = Blitz3Shopping.app; sourceTree = BUILT_PRODUCTS_DIR; };
		27AEFABE2109926D003F1847 /* AppDelegate.swift */ = {isa = PBXFileReference; lastKnownFileType = sourcecode.swift; path = AppDelegate.swift; sourceTree = "<group>"; };
		27AEFAC02109926D003F1847 /* ViewController.swift */ = {isa = PBXFileReference; lastKnownFileType = sourcecode.swift; path = ViewController.swift; sourceTree = "<group>"; };
		27AEFAC32109926D003F1847 /* Base */ = {isa = PBXFileReference; lastKnownFileType = file.storyboard; name = Base; path = Base.lproj/Main.storyboard; sourceTree = "<group>"; };
		27AEFAC62109926D003F1847 /* Blitz3Shopping.xcdatamodel */ = {isa = PBXFileReference; lastKnownFileType = wrapper.xcdatamodel; path = Blitz3Shopping.xcdatamodel; sourceTree = "<group>"; };
		27AEFAC82109926D003F1847 /* Assets.xcassets */ = {isa = PBXFileReference; lastKnownFileType = folder.assetcatalog; path = Assets.xcassets; sourceTree = "<group>"; };
		27AEFACB2109926D003F1847 /* Base */ = {isa = PBXFileReference; lastKnownFileType = file.storyboard; name = Base; path = Base.lproj/LaunchScreen.storyboard; sourceTree = "<group>"; };
		27AEFACD2109926D003F1847 /* Info.plist */ = {isa = PBXFileReference; lastKnownFileType = text.plist.xml; path = Info.plist; sourceTree = "<group>"; };
		27AEFAFF21099E1A003F1847 /* LandScapeViewController.swift */ = {isa = PBXFileReference; fileEncoding = 4; lastKnownFileType = sourcecode.swift; path = LandScapeViewController.swift; sourceTree = "<group>"; };
		27AEFB0021099E1A003F1847 /* WebViewController.swift */ = {isa = PBXFileReference; fileEncoding = 4; lastKnownFileType = sourcecode.swift; path = WebViewController.swift; sourceTree = "<group>"; };
		27AEFB0121099E1A003F1847 /* ListCustomTableViewCell.swift */ = {isa = PBXFileReference; fileEncoding = 4; lastKnownFileType = sourcecode.swift; path = ListCustomTableViewCell.swift; sourceTree = "<group>"; };
		27AEFB0521099E23003F1847 /* ListObject.swift */ = {isa = PBXFileReference; fileEncoding = 4; lastKnownFileType = sourcecode.swift; path = ListObject.swift; sourceTree = "<group>"; };
		27AEFB0821099E3E003F1847 /* tw11.png */ = {isa = PBXFileReference; lastKnownFileType = image.png; path = tw11.png; sourceTree = "<group>"; };
		27AEFB0921099E3F003F1847 /* quora.png */ = {isa = PBXFileReference; lastKnownFileType = image.png; path = quora.png; sourceTree = "<group>"; };
		27AEFB0A21099E3F003F1847 /* menu.png */ = {isa = PBXFileReference; lastKnownFileType = image.png; path = menu.png; sourceTree = "<group>"; };
		27AEFB0B21099E3F003F1847 /* checkpref.png */ = {isa = PBXFileReference; lastKnownFileType = image.png; path = checkpref.png; sourceTree = "<group>"; };
		27AEFB0C21099E3F003F1847 /* uncheckpref.png */ = {isa = PBXFileReference; lastKnownFileType = image.png; path = uncheckpref.png; sourceTree = "<group>"; };
		27AEFB0D21099E3F003F1847 /* blitzViewClose.png */ = {isa = PBXFileReference; lastKnownFileType = image.png; path = blitzViewClose.png; sourceTree = "<group>"; };
		27AEFB0E21099E3F003F1847 /* inst11.png */ = {isa = PBXFileReference; lastKnownFileType = image.png; path = inst11.png; sourceTree = "<group>"; };
		27AEFB0F21099E3F003F1847 /* linkin.png */ = {isa = PBXFileReference; lastKnownFileType = image.png; path = linkin.png; sourceTree = "<group>"; };
		27AEFB1021099E3F003F1847 /* default.png */ = {isa = PBXFileReference; lastKnownFileType = image.png; path = default.png; sourceTree = "<group>"; };
		27AEFB1121099E3F003F1847 /* go.png */ = {isa = PBXFileReference; lastKnownFileType = image.png; path = go.png; sourceTree = "<group>"; };
		27AEFB1221099E3F003F1847 /* expand.png */ = {isa = PBXFileReference; lastKnownFileType = image.png; path = expand.png; sourceTree = "<group>"; };
		27AEFB1321099E40003F1847 /* backarrow.png */ = {isa = PBXFileReference; lastKnownFileType = image.png; path = backarrow.png; sourceTree = "<group>"; };
		27AEFB1421099E40003F1847 /* google+.png */ = {isa = PBXFileReference; lastKnownFileType = image.png; path = "google+.png"; sourceTree = "<group>"; };
		27AEFB1521099E40003F1847 /* fb11.png */ = {isa = PBXFileReference; lastKnownFileType = image.png; path = fb11.png; sourceTree = "<group>"; };
		27AEFB382109BD4F003F1847 /* Default-375w-667h@2x~iphone.png */ = {isa = PBXFileReference; lastKnownFileType = image.png; path = "Default-375w-667h@2x~iphone.png"; sourceTree = "<group>"; };
		27AEFB392109BD4F003F1847 /* Default-568h@2x~iphone.png */ = {isa = PBXFileReference; lastKnownFileType = image.png; path = "Default-568h@2x~iphone.png"; sourceTree = "<group>"; };
		27AEFB3A2109BD4F003F1847 /* 1.png */ = {isa = PBXFileReference; lastKnownFileType = image.png; path = 1.png; sourceTree = "<group>"; };
		27AEFB3B2109BD50003F1847 /* Default.png */ = {isa = PBXFileReference; lastKnownFileType = image.png; path = Default.png; sourceTree = "<group>"; };
		27AEFB3C2109BD50003F1847 /* Default-414w-736h@3x~iphone.png */ = {isa = PBXFileReference; lastKnownFileType = image.png; path = "Default-414w-736h@3x~iphone.png"; sourceTree = "<group>"; };
		6568E9F8D980489FF068B4EE /* Pods-Blitz3Shopping.release.xcconfig */ = {isa = PBXFileReference; includeInIndex = 1; lastKnownFileType = text.xcconfig; name = "Pods-Blitz3Shopping.release.xcconfig"; path = "Pods/Target Support Files/Pods-Blitz3Shopping/Pods-Blitz3Shopping.release.xcconfig"; sourceTree = "<group>"; };
		903F7AE13B6F0E244F7061C5 /* Pods_Blitz3Shopping.framework */ = {isa = PBXFileReference; explicitFileType = wrapper.framework; includeInIndex = 0; path = Pods_Blitz3Shopping.framework; sourceTree = BUILT_PRODUCTS_DIR; };
		DB7A52DB7E34A5B3D9A1F769 /* Pods-Blitz3Shopping.debug.xcconfig */ = {isa = PBXFileReference; includeInIndex = 1; lastKnownFileType = text.xcconfig; name = "Pods-Blitz3Shopping.debug.xcconfig"; path = "Pods/Target Support Files/Pods-Blitz3Shopping/Pods-Blitz3Shopping.debug.xcconfig"; sourceTree = "<group>"; };
/* End PBXFileReference section */

/* Begin PBXFrameworksBuildPhase section */
		27AEFAB82109926D003F1847 /* Frameworks */ = {
			isa = PBXFrameworksBuildPhase;
			buildActionMask = 2147483647;
			files = (
				ED662E0C32AA82A8B1860E85 /* Pods_Blitz3Shopping.framework in Frameworks */,
			);
			runOnlyForDeploymentPostprocessing = 0;
		};
/* End PBXFrameworksBuildPhase section */

/* Begin PBXGroup section */
		27AEFAB22109926D003F1847 = {
			isa = PBXGroup;
			children = (
				27AEFABD2109926D003F1847 /* Blitz3Shopping */,
				27AEFABC2109926D003F1847 /* Products */,
				52B4E4CE48447C30F6BF3638 /* Pods */,
				9D768521BFF4B75BF18C13EA /* Frameworks */,
			);
			sourceTree = "<group>";
		};
		27AEFABC2109926D003F1847 /* Products */ = {
			isa = PBXGroup;
			children = (
				27AEFABB2109926D003F1847 /* Blitz3Shopping.app */,
			);
			name = Products;
			sourceTree = "<group>";
		};
		27AEFABD2109926D003F1847 /* Blitz3Shopping */ = {
			isa = PBXGroup;
			children = (
				27AEFABE2109926D003F1847 /* AppDelegate.swift */,
				27AEFAC02109926D003F1847 /* ViewController.swift */,
				27AEFAFF21099E1A003F1847 /* LandScapeViewController.swift */,
				27AEFB0121099E1A003F1847 /* ListCustomTableViewCell.swift */,
				27AEFB0021099E1A003F1847 /* WebViewController.swift */,
				27AEFACD2109926D003F1847 /* Info.plist */,
				27AEFAFE21099DF7003F1847 /* ModelClasses */,
				27AEFAFD21099DEC003F1847 /* SupportingFiles */,
				27AEFAFC21099DA0003F1847 /* ProjectIcons */,
			);
			path = Blitz3Shopping;
			sourceTree = "<group>";
		};
		27AEFAFC21099DA0003F1847 /* ProjectIcons */ = {
			isa = PBXGroup;
			children = (
				27AEFB1321099E40003F1847 /* backarrow.png */,
				27AEFB0D21099E3F003F1847 /* blitzViewClose.png */,
				27AEFB0B21099E3F003F1847 /* checkpref.png */,
				27AEFB1021099E3F003F1847 /* default.png */,
				27AEFB1221099E3F003F1847 /* expand.png */,
				27AEFB1521099E40003F1847 /* fb11.png */,
				27AEFB1121099E3F003F1847 /* go.png */,
				27AEFB1421099E40003F1847 /* google+.png */,
				27AEFB0E21099E3F003F1847 /* inst11.png */,
				27AEFB0F21099E3F003F1847 /* linkin.png */,
				27AEFB0A21099E3F003F1847 /* menu.png */,
				27AEFB0921099E3F003F1847 /* quora.png */,
				27AEFB0821099E3E003F1847 /* tw11.png */,
				27AEFB0C21099E3F003F1847 /* uncheckpref.png */,
				27AEFB0721099E28003F1847 /* SplashScreens */,
			);
			path = ProjectIcons;
			sourceTree = "<group>";
		};
		27AEFAFD21099DEC003F1847 /* SupportingFiles */ = {
			isa = PBXGroup;
			children = (
				27AEFAC22109926D003F1847 /* Main.storyboard */,
				27AEFAC82109926D003F1847 /* Assets.xcassets */,
				27AEFACA2109926D003F1847 /* LaunchScreen.storyboard */,
				27AEFAC52109926D003F1847 /* Blitz3Shopping.xcdatamodeld */,
			);
			path = SupportingFiles;
			sourceTree = "<group>";
		};
		27AEFAFE21099DF7003F1847 /* ModelClasses */ = {
			isa = PBXGroup;
			children = (
				27AEFB0521099E23003F1847 /* ListObject.swift */,
			);
			path = ModelClasses;
			sourceTree = "<group>";
		};
		27AEFB0721099E28003F1847 /* SplashScreens */ = {
			isa = PBXGroup;
			children = (
				27AEFB3A2109BD4F003F1847 /* 1.png */,
				27AEFB382109BD4F003F1847 /* Default-375w-667h@2x~iphone.png */,
				27AEFB3C2109BD50003F1847 /* Default-414w-736h@3x~iphone.png */,
				27AEFB392109BD4F003F1847 /* Default-568h@2x~iphone.png */,
				27AEFB3B2109BD50003F1847 /* Default.png */,
			);
			path = SplashScreens;
			sourceTree = "<group>";
		};
		52B4E4CE48447C30F6BF3638 /* Pods */ = {
			isa = PBXGroup;
			children = (
				DB7A52DB7E34A5B3D9A1F769 /* Pods-Blitz3Shopping.debug.xcconfig */,
				6568E9F8D980489FF068B4EE /* Pods-Blitz3Shopping.release.xcconfig */,
			);
			name = Pods;
			sourceTree = "<group>";
		};
		9D768521BFF4B75BF18C13EA /* Frameworks */ = {
			isa = PBXGroup;
			children = (
				903F7AE13B6F0E244F7061C5 /* Pods_Blitz3Shopping.framework */,
			);
			name = Frameworks;
			sourceTree = "<group>";
		};
/* End PBXGroup section */

/* Begin PBXNativeTarget section */
		27AEFABA2109926D003F1847 /* Blitz3Shopping */ = {
			isa = PBXNativeTarget;
			buildConfigurationList = 27AEFAD02109926D003F1847 /* Build configuration list for PBXNativeTarget "Blitz3Shopping" */;
			buildPhases = (
				1E112A79EF2C9C670B64F42C /* [CP] Check Pods Manifest.lock */,
				27AEFAB72109926D003F1847 /* Sources */,
				27AEFAB82109926D003F1847 /* Frameworks */,
				27AEFAB92109926D003F1847 /* Resources */,
			);
			buildRules = (
			);
			dependencies = (
			);
			name = Blitz3Shopping;
			productName = Blitz3Shopping;
			productReference = 27AEFABB2109926D003F1847 /* Blitz3Shopping.app */;
			productType = "com.apple.product-type.application";
		};
/* End PBXNativeTarget section */

/* Begin PBXProject section */
		27AEFAB32109926D003F1847 /* Project object */ = {
			isa = PBXProject;
			attributes = {
				LastSwiftUpdateCheck = 0920;
				LastUpgradeCheck = 0920;
				ORGANIZATIONNAME = BlitzIt;
				TargetAttributes = {
					27AEFABA2109926D003F1847 = {
						CreatedOnToolsVersion = 9.2;
						ProvisioningStyle = Automatic;
					};
				};
			};
			buildConfigurationList = 27AEFAB62109926D003F1847 /* Build configuration list for PBXProject "Blitz3Shopping" */;
			compatibilityVersion = "Xcode 8.0";
			developmentRegion = en;
			hasScannedForEncodings = 0;
			knownRegions = (
				en,
				Base,
			);
			mainGroup = 27AEFAB22109926D003F1847;
			productRefGroup = 27AEFABC2109926D003F1847 /* Products */;
			projectDirPath = "";
			projectRoot = "";
			targets = (
				27AEFABA2109926D003F1847 /* Blitz3Shopping */,
			);
		};
/* End PBXProject section */

/* Begin PBXResourcesBuildPhase section */
		27AEFAB92109926D003F1847 /* Resources */ = {
			isa = PBXResourcesBuildPhase;
			buildActionMask = 2147483647;
			files = (
				27AEFB2121099E40003F1847 /* backarrow.png in Resources */,
				27AEFB1F21099E40003F1847 /* go.png in Resources */,
				27AEFB1A21099E40003F1847 /* uncheckpref.png in Resources */,
				27AEFB1621099E40003F1847 /* tw11.png in Resources */,
				27AEFB402109BD50003F1847 /* Default.png in Resources */,
				27AEFB2021099E40003F1847 /* expand.png in Resources */,
				27AEFB1D21099E40003F1847 /* linkin.png in Resources */,
				27AEFB412109BD50003F1847 /* Default-414w-736h@3x~iphone.png in Resources */,
				27AEFB2221099E40003F1847 /* google+.png in Resources */,
				27AEFB1721099E40003F1847 /* quora.png in Resources */,
				27AEFB1821099E40003F1847 /* menu.png in Resources */,
				27AEFB3F2109BD50003F1847 /* 1.png in Resources */,
				27AEFACC2109926D003F1847 /* LaunchScreen.storyboard in Resources */,
				27AEFB1921099E40003F1847 /* checkpref.png in Resources */,
				27AEFAC92109926D003F1847 /* Assets.xcassets in Resources */,
				27AEFAC42109926D003F1847 /* Main.storyboard in Resources */,
				27AEFB3E2109BD50003F1847 /* Default-568h@2x~iphone.png in Resources */,
				27AEFB3D2109BD50003F1847 /* Default-375w-667h@2x~iphone.png in Resources */,
				27AEFB1B21099E40003F1847 /* blitzViewClose.png in Resources */,
				27AEFB2321099E40003F1847 /* fb11.png in Resources */,
				27AEFB1C21099E40003F1847 /* inst11.png in Resources */,
				27AEFB1E21099E40003F1847 /* default.png in Resources */,
			);
			runOnlyForDeploymentPostprocessing = 0;
		};
/* End PBXResourcesBuildPhase section */

/* Begin PBXShellScriptBuildPhase section */
		1E112A79EF2C9C670B64F42C /* [CP] Check Pods Manifest.lock */ = {
			isa = PBXShellScriptBuildPhase;
			buildActionMask = 2147483647;
			files = (
			);
			inputPaths = (
				"${PODS_PODFILE_DIR_PATH}/Podfile.lock",
				"${PODS_ROOT}/Manifest.lock",
			);
			name = "[CP] Check Pods Manifest.lock";
			outputPaths = (
				"$(DERIVED_FILE_DIR)/Pods-Blitz3Shopping-checkManifestLockResult.txt",
			);
			runOnlyForDeploymentPostprocessing = 0;
			shellPath = /bin/sh;
			shellScript = "diff \"${PODS_PODFILE_DIR_PATH}/Podfile.lock\" \"${PODS_ROOT}/Manifest.lock\" > /dev/null\nif [ $? != 0 ] ; then\n    # print error to STDERR\n    echo \"error: The sandbox is not in sync with the Podfile.lock. Run 'pod install' or update your CocoaPods installation.\" >&2\n    exit 1\nfi\n# This output is used by Xcode 'outputs' to avoid re-running this script phase.\necho \"SUCCESS\" > \"${SCRIPT_OUTPUT_FILE_0}\"\n";
			showEnvVarsInLog = 0;
		};
/* End PBXShellScriptBuildPhase section */

/* Begin PBXSourcesBuildPhase section */
		27AEFAB72109926D003F1847 /* Sources */ = {
			isa = PBXSourcesBuildPhase;
			buildActionMask = 2147483647;
			files = (
				27AEFB0421099E1B003F1847 /* ListCustomTableViewCell.swift in Sources */,
				27AEFAC72109926D003F1847 /* Blitz3Shopping.xcdatamodeld in Sources */,
				27AEFAC12109926D003F1847 /* ViewController.swift in Sources */,
				27AEFB0221099E1B003F1847 /* LandScapeViewController.swift in Sources */,
				27AEFB0321099E1B003F1847 /* WebViewController.swift in Sources */,
				27AEFB0621099E23003F1847 /* ListObject.swift in Sources */,
				27AEFABF2109926D003F1847 /* AppDelegate.swift in Sources */,
			);
			runOnlyForDeploymentPostprocessing = 0;
		};
/* End PBXSourcesBuildPhase section */

/* Begin PBXVariantGroup section */
		27AEFAC22109926D003F1847 /* Main.storyboard */ = {
			isa = PBXVariantGroup;
			children = (
				27AEFAC32109926D003F1847 /* Base */,
			);
			name = Main.storyboard;
			sourceTree = "<group>";
		};
		27AEFACA2109926D003F1847 /* LaunchScreen.storyboard */ = {
			isa = PBXVariantGroup;
			children = (
				27AEFACB2109926D003F1847 /* Base */,
			);
			name = LaunchScreen.storyboard;
			sourceTree = "<group>";
		};
/* End PBXVariantGroup section */

/* Begin XCBuildConfiguration section */
		27AEFACE2109926D003F1847 /* Debug */ = {
			isa = XCBuildConfiguration;
			buildSettings = {
				ALWAYS_SEARCH_USER_PATHS = NO;
				CLANG_ANALYZER_NONNULL = YES;
				CLANG_ANALYZER_NUMBER_OBJECT_CONVERSION = YES_AGGRESSIVE;
				CLANG_CXX_LANGUAGE_STANDARD = "gnu++14";
				CLANG_CXX_LIBRARY = "libc++";
				CLANG_ENABLE_MODULES = YES;
				CLANG_ENABLE_OBJC_ARC = YES;
				CLANG_WARN_BLOCK_CAPTURE_AUTORELEASING = YES;
				CLANG_WARN_BOOL_CONVERSION = YES;
				CLANG_WARN_COMMA = YES;
				CLANG_WARN_CONSTANT_CONVERSION = YES;
				CLANG_WARN_DIRECT_OBJC_ISA_USAGE = YES_ERROR;
				CLANG_WARN_DOCUMENTATION_COMMENTS = YES;
				CLANG_WARN_EMPTY_BODY = YES;
				CLANG_WARN_ENUM_CONVERSION = YES;
				CLANG_WARN_INFINITE_RECURSION = YES;
				CLANG_WARN_INT_CONVERSION = YES;
				CLANG_WARN_NON_LITERAL_NULL_CONVERSION = YES;
				CLANG_WARN_OBJC_LITERAL_CONVERSION = YES;
				CLANG_WARN_OBJC_ROOT_CLASS = YES_ERROR;
				CLANG_WARN_RANGE_LOOP_ANALYSIS = YES;
				CLANG_WARN_STRICT_PROTOTYPES = YES;
				CLANG_WARN_SUSPICIOUS_MOVE = YES;
				CLANG_WARN_UNGUARDED_AVAILABILITY = YES_AGGRESSIVE;
				CLANG_WARN_UNREACHABLE_CODE = YES;
				CLANG_WARN__DUPLICATE_METHOD_MATCH = YES;
				CODE_SIGN_IDENTITY = "iPhone Developer";
				COPY_PHASE_STRIP = NO;
				DEBUG_INFORMATION_FORMAT = dwarf;
				ENABLE_STRICT_OBJC_MSGSEND = YES;
				ENABLE_TESTABILITY = YES;
				GCC_C_LANGUAGE_STANDARD = gnu11;
				GCC_DYNAMIC_NO_PIC = NO;
				GCC_NO_COMMON_BLOCKS = YES;
				GCC_OPTIMIZATION_LEVEL = 0;
				GCC_PREPROCESSOR_DEFINITIONS = (
					"DEBUG=1",
					"$(inherited)",
				);
				GCC_WARN_64_TO_32_BIT_CONVERSION = YES;
				GCC_WARN_ABOUT_RETURN_TYPE = YES_ERROR;
				GCC_WARN_UNDECLARED_SELECTOR = YES;
				GCC_WARN_UNINITIALIZED_AUTOS = YES_AGGRESSIVE;
				GCC_WARN_UNUSED_FUNCTION = YES;
				GCC_WARN_UNUSED_VARIABLE = YES;
				IPHONEOS_DEPLOYMENT_TARGET = 11.2;
				MTL_ENABLE_DEBUG_INFO = YES;
				ONLY_ACTIVE_ARCH = YES;
				SDKROOT = iphoneos;
				SWIFT_ACTIVE_COMPILATION_CONDITIONS = DEBUG;
				SWIFT_OPTIMIZATION_LEVEL = "-Onone";
			};
			name = Debug;
		};
		27AEFACF2109926D003F1847 /* Release */ = {
			isa = XCBuildConfiguration;
			buildSettings = {
				ALWAYS_SEARCH_USER_PATHS = NO;
				CLANG_ANALYZER_NONNULL = YES;
				CLANG_ANALYZER_NUMBER_OBJECT_CONVERSION = YES_AGGRESSIVE;
				CLANG_CXX_LANGUAGE_STANDARD = "gnu++14";
				CLANG_CXX_LIBRARY = "libc++";
				CLANG_ENABLE_MODULES = YES;
				CLANG_ENABLE_OBJC_ARC = YES;
				CLANG_WARN_BLOCK_CAPTURE_AUTORELEASING = YES;
				CLANG_WARN_BOOL_CONVERSION = YES;
				CLANG_WARN_COMMA = YES;
				CLANG_WARN_CONSTANT_CONVERSION = YES;
				CLANG_WARN_DIRECT_OBJC_ISA_USAGE = YES_ERROR;
				CLANG_WARN_DOCUMENTATION_COMMENTS = YES;
				CLANG_WARN_EMPTY_BODY = YES;
				CLANG_WARN_ENUM_CONVERSION = YES;
				CLANG_WARN_INFINITE_RECURSION = YES;
				CLANG_WARN_INT_CONVERSION = YES;
				CLANG_WARN_NON_LITERAL_NULL_CONVERSION = YES;
				CLANG_WARN_OBJC_LITERAL_CONVERSION = YES;
				CLANG_WARN_OBJC_ROOT_CLASS = YES_ERROR;
				CLANG_WARN_RANGE_LOOP_ANALYSIS = YES;
				CLANG_WARN_STRICT_PROTOTYPES = YES;
				CLANG_WARN_SUSPICIOUS_MOVE = YES;
				CLANG_WARN_UNGUARDED_AVAILABILITY = YES_AGGRESSIVE;
				CLANG_WARN_UNREACHABLE_CODE = YES;
				CLANG_WARN__DUPLICATE_METHOD_MATCH = YES;
				CODE_SIGN_IDENTITY = "iPhone Developer";
				COPY_PHASE_STRIP = NO;
				DEBUG_INFORMATION_FORMAT = "dwarf-with-dsym";
				ENABLE_NS_ASSERTIONS = NO;
				ENABLE_STRICT_OBJC_MSGSEND = YES;
				GCC_C_LANGUAGE_STANDARD = gnu11;
				GCC_NO_COMMON_BLOCKS = YES;
				GCC_WARN_64_TO_32_BIT_CONVERSION = YES;
				GCC_WARN_ABOUT_RETURN_TYPE = YES_ERROR;
				GCC_WARN_UNDECLARED_SELECTOR = YES;
				GCC_WARN_UNINITIALIZED_AUTOS = YES_AGGRESSIVE;
				GCC_WARN_UNUSED_FUNCTION = YES;
				GCC_WARN_UNUSED_VARIABLE = YES;
				IPHONEOS_DEPLOYMENT_TARGET = 11.2;
				MTL_ENABLE_DEBUG_INFO = NO;
				SDKROOT = iphoneos;
				SWIFT_OPTIMIZATION_LEVEL = "-Owholemodule";
				VALIDATE_PRODUCT = YES;
			};
			name = Release;
		};
		27AEFAD12109926D003F1847 /* Debug */ = {
			isa = XCBuildConfiguration;
			baseConfigurationReference = DB7A52DB7E34A5B3D9A1F769 /* Pods-Blitz3Shopping.debug.xcconfig */;
			buildSettings = {
				ASSETCATALOG_COMPILER_APPICON_NAME = AppIcon;
				ASSETCATALOG_COMPILER_LAUNCHIMAGE_NAME = LaunchImage;
				CODE_SIGN_STYLE = Automatic;
				DEVELOPMENT_TEAM = 9LAU2B9MZ6;
				INFOPLIST_FILE = Blitz3Shopping/Info.plist;
				IPHONEOS_DEPLOYMENT_TARGET = 9.0;
				LD_RUNPATH_SEARCH_PATHS = "$(inherited) @executable_path/Frameworks";
				PRODUCT_BUNDLE_IDENTIFIER = com.veritagis.Blitz3Shopping;
				PRODUCT_NAME = "$(TARGET_NAME)";
				SWIFT_VERSION = 4.0;
				TARGETED_DEVICE_FAMILY = "1,2";
			};
			name = Debug;
		};
		27AEFAD22109926D003F1847 /* Release */ = {
			isa = XCBuildConfiguration;
			baseConfigurationReference = 6568E9F8D980489FF068B4EE /* Pods-Blitz3Shopping.release.xcconfig */;
			buildSettings = {
				ASSETCATALOG_COMPILER_APPICON_NAME = AppIcon;
				ASSETCATALOG_COMPILER_LAUNCHIMAGE_NAME = LaunchImage;
				CODE_SIGN_STYLE = Automatic;
				DEVELOPMENT_TEAM = 9LAU2B9MZ6;
				INFOPLIST_FILE = Blitz3Shopping/Info.plist;
				IPHONEOS_DEPLOYMENT_TARGET = 9.0;
				LD_RUNPATH_SEARCH_PATHS = "$(inherited) @executable_path/Frameworks";
				PRODUCT_BUNDLE_IDENTIFIER = com.veritagis.Blitz3Shopping;
				PRODUCT_NAME = "$(TARGET_NAME)";
				SWIFT_VERSION = 4.0;
				TARGETED_DEVICE_FAMILY = "1,2";
			};
			name = Release;
		};
/* End XCBuildConfiguration section */

/* Begin XCConfigurationList section */
		27AEFAB62109926D003F1847 /* Build configuration list for PBXProject "Blitz3Shopping" */ = {
			isa = XCConfigurationList;
			buildConfigurations = (
				27AEFACE2109926D003F1847 /* Debug */,
				27AEFACF2109926D003F1847 /* Release */,
			);
			defaultConfigurationIsVisible = 0;
			defaultConfigurationName = Release;
		};
		27AEFAD02109926D003F1847 /* Build configuration list for PBXNativeTarget "Blitz3Shopping" */ = {
			isa = XCConfigurationList;
			buildConfigurations = (
				27AEFAD12109926D003F1847 /* Debug */,
				27AEFAD22109926D003F1847 /* Release */,
			);
			defaultConfigurationIsVisible = 0;
			defaultConfigurationName = Release;
		};
/* End XCConfigurationList section */

/* Begin XCVersionGroup section */
		27AEFAC52109926D003F1847 /* Blitz3Shopping.xcdatamodeld */ = {
			isa = XCVersionGroup;
			children = (
				27AEFAC62109926D003F1847 /* Blitz3Shopping.xcdatamodel */,
			);
			currentVersion = 27AEFAC62109926D003F1847 /* Blitz3Shopping.xcdatamodel */;
			path = Blitz3Shopping.xcdatamodeld;
			sourceTree = "<group>";
			versionGroupType = wrapper.xcdatamodel;
		};
/* End XCVersionGroup section */
	};
	rootObject = 27AEFAB32109926D003F1847 /* Project object */;
}
